
Microsoft Visual Studio Solution File, Format Version 12.00
# Visual Studio Version 17
VisualStudioVersion = 17.5.33530.505
MinimumVisualStudioVersion = 10.0.40219.1
Project("{FAE04EC0-301F-11D3-BF4B-00C04F79EFBC}") = "Sharpminds Games", "Sharpminds Games\Sharpminds Games.csproj", "{8B3E7B8B-7C2F-4ED4-A959-ADF5EE0F4180}"
EndProject
Global
	GlobalSection(SolutionConfigurationPlatforms) = preSolution
		Debug|Any CPU = Debug|Any CPU
		Release|Any CPU = Release|Any CPU
	EndGlobalSection
	GlobalSection(ProjectConfigurationPlatforms) = postSolution
		{8B3E7B8B-7C2F-4ED4-A959-ADF5EE0F4180}.Debug|Any CPU.ActiveCfg = Debug|Any CPU
		{8B3E7B8B-7C2F-4ED4-A959-ADF5EE0F4180}.Debug|Any CPU.Build.0 = Debug|Any CPU
		{8B3E7B8B-7C2F-4ED4-A959-ADF5EE0F4180}.Release|Any CPU.ActiveCfg = Release|Any CPU
		{8B3E7B8B-7C2F-4ED4-A959-ADF5EE0F4180}.Release|Any CPU.Build.0 = Release|Any CPU
	EndGlobalSection
	GlobalSection(SolutionProperties) = preSolution
		HideSolutionNode = FALSE
	EndGlobalSection
	GlobalSection(ExtensibilityGlobals) = postSolution
		SolutionGuid = {089FBADE-EB18-47E2-9368-2792499E7DA4}
	EndGlobalSection
EndGlobal
